// !$*UTF8*$!
{
	archiveVersion = 1;
	classes = {
	};
	objectVersion = 46;
	objects = {

/* Begin PBXBuildFile section */
		2EB14C401ADDAA3500A67E0B /* linkedlist.m in Sources */ = {isa = PBXBuildFile; fileRef = 2EB14C3F1ADDAA3500A67E0B /* linkedlist.m */; };
		2ED4D3361ADD9FE80043FBAF /* main.m in Sources */ = {isa = PBXBuildFile; fileRef = 2ED4D3351ADD9FE80043FBAF /* main.m */; };
		2ED4D33D1ADDA0190043FBAF /* oo.m in Sources */ = {isa = PBXBuildFile; fileRef = 2ED4D33C1ADDA0190043FBAF /* oo.m */; };
/* End PBXBuildFile section */

/* Begin PBXCopyFilesBuildPhase section */
		2ED4D3301ADD9FE80043FBAF /* CopyFiles */ = {
			isa = PBXCopyFilesBuildPhase;
			buildActionMask = 2147483647;
			dstPath = /usr/share/man/man1/;
			dstSubfolderSpec = 0;
			files = (
			);
			runOnlyForDeploymentPostprocessing = 1;
		};
/* End PBXCopyFilesBuildPhase section */

/* Begin PBXFileReference section */
		2EB14C3E1ADDA96700A67E0B /* linkedlist.h */ = {isa = PBXFileReference; lastKnownFileType = sourcecode.c.h; path = linkedlist.h; sourceTree = "<group>"; };
		2EB14C3F1ADDAA3500A67E0B /* linkedlist.m */ = {isa = PBXFileReference; fileEncoding = 4; lastKnownFileType = sourcecode.c.objc; path = linkedlist.m; sourceTree = "<group>"; };
		2ED4D3321ADD9FE80043FBAF /* OO-Obj-C */ = {isa = PBXFileReference; explicitFileType = "compiled.mach-o.executable"; includeInIndex = 0; path = "OO-Obj-C"; sourceTree = BUILT_PRODUCTS_DIR; };
		2ED4D3351ADD9FE80043FBAF /* main.m */ = {isa = PBXFileReference; lastKnownFileType = sourcecode.c.objc; path = main.m; sourceTree = "<group>"; };
		2ED4D33C1ADDA0190043FBAF /* oo.m */ = {isa = PBXFileReference; fileEncoding = 4; lastKnownFileType = sourcecode.c.objc; path = oo.m; sourceTree = "<group>"; };
		2ED4D33E1ADDA8840043FBAF /* oo.h */ = {isa = PBXFileReference; lastKnownFileType = sourcecode.c.h; path = oo.h; sourceTree = "<group>"; };
/* End PBXFileReference section */

/* Begin PBXFrameworksBuildPhase section */
		2ED4D32F1ADD9FE80043FBAF /* Frameworks */ = {
			isa = PBXFrameworksBuildPhase;
			buildActionMask = 2147483647;
			files = (
			);
			runOnlyForDeploymentPostprocessing = 0;
		};
/* End PBXFrameworksBuildPhase section */

/* Begin PBXGroup section */
		2ED4D3291ADD9FE80043FBAF = {
			isa = PBXGroup;
			children = (
				2ED4D3341ADD9FE80043FBAF /* OO-Obj-C */,
				2ED4D3331ADD9FE80043FBAF /* Products */,
			);
			sourceTree = "<group>";
		};
		2ED4D3331ADD9FE80043FBAF /* Products */ = {
			isa = PBXGroup;
			children = (
				2ED4D3321ADD9FE80043FBAF /* OO-Obj-C */,
			);
			name = Products;
			sourceTree = "<group>";
		};
		2ED4D3341ADD9FE80043FBAF /* OO-Obj-C */ = {
			isa = PBXGroup;
			children = (
				2ED4D3351ADD9FE80043FBAF /* main.m */,
				2EB14C3E1ADDA96700A67E0B /* linkedlist.h */,
				2EB14C3F1ADDAA3500A67E0B /* linkedlist.m */,
				2ED4D33C1ADDA0190043FBAF /* oo.m */,
				2ED4D33E1ADDA8840043FBAF /* oo.h */,
			);
			path = "OO-Obj-C";
			sourceTree = "<group>";
		};
/* End PBXGroup section */

/* Begin PBXNativeTarget section */
		2ED4D3311ADD9FE80043FBAF /* OO-Obj-C */ = {
			isa = PBXNativeTarget;
			buildConfigurationList = 2ED4D3391ADD9FE80043FBAF /* Build configuration list for PBXNativeTarget "OO-Obj-C" */;
			buildPhases = (
				2ED4D32E1ADD9FE80043FBAF /* Sources */,
				2ED4D32F1ADD9FE80043FBAF /* Frameworks */,
				2ED4D3301ADD9FE80043FBAF /* CopyFiles */,
			);
			buildRules = (
			);
			dependencies = (
			);
			name = "OO-Obj-C";
			productName = "OO-Obj-C";
			productReference = 2ED4D3321ADD9FE80043FBAF /* OO-Obj-C */;
			productType = "com.apple.product-type.tool";
		};
/* End PBXNativeTarget section */

/* Begin PBXProject section */
		2ED4D32A1ADD9FE80043FBAF /* Project object */ = {
			isa = PBXProject;
			attributes = {
				LastUpgradeCheck = 0620;
				ORGANIZATIONNAME = cal;
				TargetAttributes = {
					2ED4D3311ADD9FE80043FBAF = {
						CreatedOnToolsVersion = 6.2;
					};
				};
			};
			buildConfigurationList = 2ED4D32D1ADD9FE80043FBAF /* Build configuration list for PBXProject "OO-Obj-C" */;
			compatibilityVersion = "Xcode 3.2";
			developmentRegion = English;
			hasScannedForEncodings = 0;
			knownRegions = (
				en,
			);
			mainGroup = 2ED4D3291ADD9FE80043FBAF;
			productRefGroup = 2ED4D3331ADD9FE80043FBAF /* Products */;
			projectDirPath = "";
			projectRoot = "";
			targets = (
				2ED4D3311ADD9FE80043FBAF /* OO-Obj-C */,
			);
		};
/* End PBXProject section */

/* Begin PBXSourcesBuildPhase section */
		2ED4D32E1ADD9FE80043FBAF /* Sources */ = {
			isa = PBXSourcesBuildPhase;
			buildActionMask = 2147483647;
			files = (
				2ED4D3361ADD9FE80043FBAF /* main.m in Sources */,
				2EB14C401ADDAA3500A67E0B /* linkedlist.m in Sources */,
				2ED4D33D1ADDA0190043FBAF /* oo.m in Sources */,
			);
			runOnlyForDeploymentPostprocessing = 0;
		};
/* End PBXSourcesBuildPhase section */

/* Begin XCBuildConfiguration section */
		2ED4D3371ADD9FE80043FBAF /* Debug */ = {
			isa = XCBuildConfiguration;
			buildSettings = {
				ALWAYS_SEARCH_USER_PATHS = NO;
				CLANG_CXX_LANGUAGE_STANDARD = "gnu++0x";
				CLANG_CXX_LIBRARY = "libc++";
				CLANG_ENABLE_MODULES = YES;
				CLANG_ENABLE_OBJC_ARC = YES;
				CLANG_WARN_BOOL_CONVERSION = YES;
				CLANG_WARN_CONSTANT_CONVERSION = YES;
				CLANG_WARN_DIRECT_OBJC_ISA_USAGE = YES_ERROR;
				CLANG_WARN_EMPTY_BODY = YES;
				CLANG_WARN_ENUM_CONVERSION = YES;
				CLANG_WARN_INT_CONVERSION = YES;
				CLANG_WARN_OBJC_ROOT_CLASS = YES_ERROR;
				CLANG_WARN_UNREACHABLE_CODE = YES;
				CLANG_WARN__DUPLICATE_METHOD_MATCH = YES;
				COPY_PHASE_STRIP = NO;
				ENABLE_STRICT_OBJC_MSGSEND = YES;
				GCC_C_LANGUAGE_STANDARD = gnu99;
				GCC_DYNAMIC_NO_PIC = NO;
				GCC_OPTIMIZATION_LEVEL = 0;
				GCC_PREPROCESSOR_DEFINITIONS = (
					"DEBUG=1",
					"$(inherited)",
				);
				GCC_SYMBOLS_PRIVATE_EXTERN = NO;
				GCC_WARN_64_TO_32_BIT_CONVERSION = YES;
				GCC_WARN_ABOUT_RETURN_TYPE = YES_ERROR;
				GCC_WARN_UNDECLARED_SELECTOR = YES;
				GCC_WARN_UNINITIALIZED_AUTOS = YES_AGGRESSIVE;
				GCC_WARN_UNUSED_FUNCTION = YES;
				GCC_WARN_UNUSED_VARIABLE = YES;
				MACOSX_DEPLOYMENT_TARGET = 10.10;
				MTL_ENABLE_DEBUG_INFO = YES;
				ONLY_ACTIVE_ARCH = YES;
				SDKROOT = macosx;
			};
			name = Debug;
		};
		2ED4D3381ADD9FE80043FBAF /* Release */ = {
			isa = XCBuildConfiguration;
			buildSettings = {
				ALWAYS_SEARCH_USER_PATHS = NO;
				CLANG_CXX_LANGUAGE_STANDARD = "gnu++0x";
				CLANG_CXX_LIBRARY = "libc++";
				CLANG_ENABLE_MODULES = YES;
				CLANG_ENABLE_OBJC_ARC = YES;
				CLANG_WARN_BOOL_CONVERSION = YES;
				CLANG_WARN_CONSTANT_CONVERSION = YES;
				CLANG_WARN_DIRECT_OBJC_ISA_USAGE = YES_ERROR;
				CLANG_WARN_EMPTY_BODY = YES;
				CLANG_WARN_ENUM_CONVERSION = YES;
				CLANG_WARN_INT_CONVERSION = YES;
				CLANG_WARN_OBJC_ROOT_CLASS = YES_ERROR;
				CLANG_WARN_UNREACHABLE_CODE = YES;
				CLANG_WARN__DUPLICATE_METHOD_MATCH = YES;
				COPY_PHASE_STRIP = NO;
				DEBUG_INFORMATION_FORMAT = "dwarf-with-dsym";
				ENABLE_NS_ASSERTIONS = NO;
				ENABLE_STRICT_OBJC_MSGSEND = YES;
				GCC_C_LANGUAGE_STANDARD = gnu99;
				GCC_WARN_64_TO_32_BIT_CONVERSION = YES;
				GCC_WARN_ABOUT_RETURN_TYPE = YES_ERROR;
				GCC_WARN_UNDECLARED_SELECTOR = YES;
				GCC_WARN_UNINITIALIZED_AUTOS = YES_AGGRESSIVE;
				GCC_WARN_UNUSED_FUNCTION = YES;
				GCC_WARN_UNUSED_VARIABLE = YES;
				MACOSX_DEPLOYMENT_TARGET = 10.10;
				MTL_ENABLE_DEBUG_INFO = NO;
				SDKROOT = macosx;
			};
			name = Release;
		};
		2ED4D33A1ADD9FE80043FBAF /* Debug */ = {
			isa = XCBuildConfiguration;
			buildSettings = {
				PRODUCT_NAME = "$(TARGET_NAME)";
			};
			name = Debug;
		};
		2ED4D33B1ADD9FE80043FBAF /* Release */ = {
			isa = XCBuildConfiguration;
			buildSettings = {
				PRODUCT_NAME = "$(TARGET_NAME)";
			};
			name = Release;
		};
/* End XCBuildConfiguration section */

/* Begin XCConfigurationList section */
		2ED4D32D1ADD9FE80043FBAF /* Build configuration list for PBXProject "OO-Obj-C" */ = {
			isa = XCConfigurationList;
			buildConfigurations = (
				2ED4D3371ADD9FE80043FBAF /* Debug */,
				2ED4D3381ADD9FE80043FBAF /* Release */,
			);
			defaultConfigurationIsVisible = 0;
			defaultConfigurationName = Release;
		};
		2ED4D3391ADD9FE80043FBAF /* Build configuration list for PBXNativeTarget "OO-Obj-C" */ = {
			isa = XCConfigurationList;
			buildConfigurations = (
				2ED4D33A1ADD9FE80043FBAF /* Debug */,
				2ED4D33B1ADD9FE80043FBAF /* Release */,
			);
			defaultConfigurationIsVisible = 0;
			defaultConfigurationName = Release;
		};
/* End XCConfigurationList section */
	};
	rootObject = 2ED4D32A1ADD9FE80043FBAF /* Project object */;
}
