// !$*UTF8*$!
{
	archiveVersion = 1;
	classes = {
	};
	objectVersion = 46;
	objects = {

/* Begin PBXBuildFile section */
		2EC524901ADD928D00B4954B /* AppDelegate.m in Sources */ = {isa = PBXBuildFile; fileRef = 2EC5248F1ADD928D00B4954B /* AppDelegate.m */; };
		2EC524921ADD928D00B4954B /* main.m in Sources */ = {isa = PBXBuildFile; fileRef = 2EC524911ADD928D00B4954B /* main.m */; };
		2EC524951ADD928D00B4954B /* ViewController.m in Sources */ = {isa = PBXBuildFile; fileRef = 2EC524941ADD928D00B4954B /* ViewController.m */; };
		2EC524971ADD928D00B4954B /* Images.xcassets in Resources */ = {isa = PBXBuildFile; fileRef = 2EC524961ADD928D00B4954B /* Images.xcassets */; };
		2EC5249A1ADD928D00B4954B /* Main.storyboard in Resources */ = {isa = PBXBuildFile; fileRef = 2EC524981ADD928D00B4954B /* Main.storyboard */; };
		2EC524A61ADD928D00B4954B /* GUItestObjCTests.m in Sources */ = {isa = PBXBuildFile; fileRef = 2EC524A51ADD928D00B4954B /* GUItestObjCTests.m */; };
/* End PBXBuildFile section */

/* Begin PBXContainerItemProxy section */
		2EC524A01ADD928D00B4954B /* PBXContainerItemProxy */ = {
			isa = PBXContainerItemProxy;
			containerPortal = 2EC524811ADD928D00B4954B /* Project object */;
			proxyType = 1;
			remoteGlobalIDString = 2EC524881ADD928D00B4954B;
			remoteInfo = GUItestObjC;
		};
/* End PBXContainerItemProxy section */

/* Begin PBXFileReference section */
		2EC524891ADD928D00B4954B /* GUItestObjC.app */ = {isa = PBXFileReference; explicitFileType = wrapper.application; includeInIndex = 0; path = GUItestObjC.app; sourceTree = BUILT_PRODUCTS_DIR; };
		2EC5248D1ADD928D00B4954B /* Info.plist */ = {isa = PBXFileReference; lastKnownFileType = text.plist.xml; path = Info.plist; sourceTree = "<group>"; };
		2EC5248E1ADD928D00B4954B /* AppDelegate.h */ = {isa = PBXFileReference; lastKnownFileType = sourcecode.c.h; path = AppDelegate.h; sourceTree = "<group>"; };
		2EC5248F1ADD928D00B4954B /* AppDelegate.m */ = {isa = PBXFileReference; lastKnownFileType = sourcecode.c.objc; path = AppDelegate.m; sourceTree = "<group>"; };
		2EC524911ADD928D00B4954B /* main.m */ = {isa = PBXFileReference; lastKnownFileType = sourcecode.c.objc; path = main.m; sourceTree = "<group>"; };
		2EC524931ADD928D00B4954B /* ViewController.h */ = {isa = PBXFileReference; lastKnownFileType = sourcecode.c.h; path = ViewController.h; sourceTree = "<group>"; };
		2EC524941ADD928D00B4954B /* ViewController.m */ = {isa = PBXFileReference; lastKnownFileType = sourcecode.c.objc; path = ViewController.m; sourceTree = "<group>"; };
		2EC524961ADD928D00B4954B /* Images.xcassets */ = {isa = PBXFileReference; lastKnownFileType = folder.assetcatalog; path = Images.xcassets; sourceTree = "<group>"; };
		2EC524991ADD928D00B4954B /* Base */ = {isa = PBXFileReference; lastKnownFileType = file.storyboard; name = Base; path = Base.lproj/Main.storyboard; sourceTree = "<group>"; };
		2EC5249F1ADD928D00B4954B /* GUItestObjCTests.xctest */ = {isa = PBXFileReference; explicitFileType = wrapper.cfbundle; includeInIndex = 0; path = GUItestObjCTests.xctest; sourceTree = BUILT_PRODUCTS_DIR; };
		2EC524A41ADD928D00B4954B /* Info.plist */ = {isa = PBXFileReference; lastKnownFileType = text.plist.xml; path = Info.plist; sourceTree = "<group>"; };
		2EC524A51ADD928D00B4954B /* GUItestObjCTests.m */ = {isa = PBXFileReference; lastKnownFileType = sourcecode.c.objc; path = GUItestObjCTests.m; sourceTree = "<group>"; };
/* End PBXFileReference section */

/* Begin PBXFrameworksBuildPhase section */
		2EC524861ADD928D00B4954B /* Frameworks */ = {
			isa = PBXFrameworksBuildPhase;
			buildActionMask = 2147483647;
			files = (
			);
			runOnlyForDeploymentPostprocessing = 0;
		};
		2EC5249C1ADD928D00B4954B /* Frameworks */ = {
			isa = PBXFrameworksBuildPhase;
			buildActionMask = 2147483647;
			files = (
			);
			runOnlyForDeploymentPostprocessing = 0;
		};
/* End PBXFrameworksBuildPhase section */

/* Begin PBXGroup section */
		2EC524801ADD928D00B4954B = {
			isa = PBXGroup;
			children = (
				2EC5248B1ADD928D00B4954B /* GUItestObjC */,
				2EC524A21ADD928D00B4954B /* GUItestObjCTests */,
				2EC5248A1ADD928D00B4954B /* Products */,
			);
			sourceTree = "<group>";
		};
		2EC5248A1ADD928D00B4954B /* Products */ = {
			isa = PBXGroup;
			children = (
				2EC524891ADD928D00B4954B /* GUItestObjC.app */,
				2EC5249F1ADD928D00B4954B /* GUItestObjCTests.xctest */,
			);
			name = Products;
			sourceTree = "<group>";
		};
		2EC5248B1ADD928D00B4954B /* GUItestObjC */ = {
			isa = PBXGroup;
			children = (
				2EC5248E1ADD928D00B4954B /* AppDelegate.h */,
				2EC5248F1ADD928D00B4954B /* AppDelegate.m */,
				2EC524931ADD928D00B4954B /* ViewController.h */,
				2EC524941ADD928D00B4954B /* ViewController.m */,
				2EC524961ADD928D00B4954B /* Images.xcassets */,
				2EC524981ADD928D00B4954B /* Main.storyboard */,
				2EC5248C1ADD928D00B4954B /* Supporting Files */,
			);
			path = GUItestObjC;
			sourceTree = "<group>";
		};
		2EC5248C1ADD928D00B4954B /* Supporting Files */ = {
			isa = PBXGroup;
			children = (
				2EC5248D1ADD928D00B4954B /* Info.plist */,
				2EC524911ADD928D00B4954B /* main.m */,
			);
			name = "Supporting Files";
			sourceTree = "<group>";
		};
		2EC524A21ADD928D00B4954B /* GUItestObjCTests */ = {
			isa = PBXGroup;
			children = (
				2EC524A51ADD928D00B4954B /* GUItestObjCTests.m */,
				2EC524A31ADD928D00B4954B /* Supporting Files */,
			);
			path = GUItestObjCTests;
			sourceTree = "<group>";
		};
		2EC524A31ADD928D00B4954B /* Supporting Files */ = {
			isa = PBXGroup;
			children = (
				2EC524A41ADD928D00B4954B /* Info.plist */,
			);
			name = "Supporting Files";
			sourceTree = "<group>";
		};
/* End PBXGroup section */

/* Begin PBXNativeTarget section */
		2EC524881ADD928D00B4954B /* GUItestObjC */ = {
			isa = PBXNativeTarget;
			buildConfigurationList = 2EC524A91ADD928D00B4954B /* Build configuration list for PBXNativeTarget "GUItestObjC" */;
			buildPhases = (
				2EC524851ADD928D00B4954B /* Sources */,
				2EC524861ADD928D00B4954B /* Frameworks */,
				2EC524871ADD928D00B4954B /* Resources */,
			);
			buildRules = (
			);
			dependencies = (
			);
			name = GUItestObjC;
			productName = GUItestObjC;
			productReference = 2EC524891ADD928D00B4954B /* GUItestObjC.app */;
			productType = "com.apple.product-type.application";
		};
		2EC5249E1ADD928D00B4954B /* GUItestObjCTests */ = {
			isa = PBXNativeTarget;
			buildConfigurationList = 2EC524AC1ADD928D00B4954B /* Build configuration list for PBXNativeTarget "GUItestObjCTests" */;
			buildPhases = (
				2EC5249B1ADD928D00B4954B /* Sources */,
				2EC5249C1ADD928D00B4954B /* Frameworks */,
				2EC5249D1ADD928D00B4954B /* Resources */,
			);
			buildRules = (
			);
			dependencies = (
				2EC524A11ADD928D00B4954B /* PBXTargetDependency */,
			);
			name = GUItestObjCTests;
			productName = GUItestObjCTests;
			productReference = 2EC5249F1ADD928D00B4954B /* GUItestObjCTests.xctest */;
			productType = "com.apple.product-type.bundle.unit-test";
		};
/* End PBXNativeTarget section */

/* Begin PBXProject section */
		2EC524811ADD928D00B4954B /* Project object */ = {
			isa = PBXProject;
			attributes = {
				LastUpgradeCheck = 0620;
				ORGANIZATIONNAME = cal;
				TargetAttributes = {
					2EC524881ADD928D00B4954B = {
						CreatedOnToolsVersion = 6.2;
					};
					2EC5249E1ADD928D00B4954B = {
						CreatedOnToolsVersion = 6.2;
						TestTargetID = 2EC524881ADD928D00B4954B;
					};
				};
			};
			buildConfigurationList = 2EC524841ADD928D00B4954B /* Build configuration list for PBXProject "GUItestObjC" */;
			compatibilityVersion = "Xcode 3.2";
			developmentRegion = English;
			hasScannedForEncodings = 0;
			knownRegions = (
				en,
				Base,
			);
			mainGroup = 2EC524801ADD928D00B4954B;
			productRefGroup = 2EC5248A1ADD928D00B4954B /* Products */;
			projectDirPath = "";
			projectRoot = "";
			targets = (
				2EC524881ADD928D00B4954B /* GUItestObjC */,
				2EC5249E1ADD928D00B4954B /* GUItestObjCTests */,
			);
		};
/* End PBXProject section */

/* Begin PBXResourcesBuildPhase section */
		2EC524871ADD928D00B4954B /* Resources */ = {
			isa = PBXResourcesBuildPhase;
			buildActionMask = 2147483647;
			files = (
				2EC524971ADD928D00B4954B /* Images.xcassets in Resources */,
				2EC5249A1ADD928D00B4954B /* Main.storyboard in Resources */,
			);
			runOnlyForDeploymentPostprocessing = 0;
		};
		2EC5249D1ADD928D00B4954B /* Resources */ = {
			isa = PBXResourcesBuildPhase;
			buildActionMask = 2147483647;
			files = (
			);
			runOnlyForDeploymentPostprocessing = 0;
		};
/* End PBXResourcesBuildPhase section */

/* Begin PBXSourcesBuildPhase section */
		2EC524851ADD928D00B4954B /* Sources */ = {
			isa = PBXSourcesBuildPhase;
			buildActionMask = 2147483647;
			files = (
				2EC524951ADD928D00B4954B /* ViewController.m in Sources */,
				2EC524921ADD928D00B4954B /* main.m in Sources */,
				2EC524901ADD928D00B4954B /* AppDelegate.m in Sources */,
			);
			runOnlyForDeploymentPostprocessing = 0;
		};
		2EC5249B1ADD928D00B4954B /* Sources */ = {
			isa = PBXSourcesBuildPhase;
			buildActionMask = 2147483647;
			files = (
				2EC524A61ADD928D00B4954B /* GUItestObjCTests.m in Sources */,
			);
			runOnlyForDeploymentPostprocessing = 0;
		};
/* End PBXSourcesBuildPhase section */

/* Begin PBXTargetDependency section */
		2EC524A11ADD928D00B4954B /* PBXTargetDependency */ = {
			isa = PBXTargetDependency;
			target = 2EC524881ADD928D00B4954B /* GUItestObjC */;
			targetProxy = 2EC524A01ADD928D00B4954B /* PBXContainerItemProxy */;
		};
/* End PBXTargetDependency section */

/* Begin PBXVariantGroup section */
		2EC524981ADD928D00B4954B /* Main.storyboard */ = {
			isa = PBXVariantGroup;
			children = (
				2EC524991ADD928D00B4954B /* Base */,
			);
			name = Main.storyboard;
			sourceTree = "<group>";
		};
/* End PBXVariantGroup section */

/* Begin XCBuildConfiguration section */
		2EC524A71ADD928D00B4954B /* Debug */ = {
			isa = XCBuildConfiguration;
			buildSettings = {
				ALWAYS_SEARCH_USER_PATHS = NO;
				CLANG_CXX_LANGUAGE_STANDARD = "gnu++0x";
				CLANG_CXX_LIBRARY = "libc++";
				CLANG_ENABLE_MODULES = YES;
				CLANG_ENABLE_OBJC_ARC = YES;
				CLANG_WARN_BOOL_CONVERSION = YES;
				CLANG_WARN_CONSTANT_CONVERSION = YES;
				CLANG_WARN_DIRECT_OBJC_ISA_USAGE = YES_ERROR;
				CLANG_WARN_EMPTY_BODY = YES;
				CLANG_WARN_ENUM_CONVERSION = YES;
				CLANG_WARN_INT_CONVERSION = YES;
				CLANG_WARN_OBJC_ROOT_CLASS = YES_ERROR;
				CLANG_WARN_UNREACHABLE_CODE = YES;
				CLANG_WARN__DUPLICATE_METHOD_MATCH = YES;
				CODE_SIGN_IDENTITY = "-";
				COPY_PHASE_STRIP = NO;
				ENABLE_STRICT_OBJC_MSGSEND = YES;
				GCC_C_LANGUAGE_STANDARD = gnu99;
				GCC_DYNAMIC_NO_PIC = NO;
				GCC_OPTIMIZATION_LEVEL = 0;
				GCC_PREPROCESSOR_DEFINITIONS = (
					"DEBUG=1",
					"$(inherited)",
				);
				GCC_SYMBOLS_PRIVATE_EXTERN = NO;
				GCC_WARN_64_TO_32_BIT_CONVERSION = YES;
				GCC_WARN_ABOUT_RETURN_TYPE = YES_ERROR;
				GCC_WARN_UNDECLARED_SELECTOR = YES;
				GCC_WARN_UNINITIALIZED_AUTOS = YES_AGGRESSIVE;
				GCC_WARN_UNUSED_FUNCTION = YES;
				GCC_WARN_UNUSED_VARIABLE = YES;
				MACOSX_DEPLOYMENT_TARGET = 10.10;
				MTL_ENABLE_DEBUG_INFO = YES;
				ONLY_ACTIVE_ARCH = YES;
				SDKROOT = macosx;
			};
			name = Debug;
		};
		2EC524A81ADD928D00B4954B /* Release */ = {
			isa = XCBuildConfiguration;
			buildSettings = {
				ALWAYS_SEARCH_USER_PATHS = NO;
				CLANG_CXX_LANGUAGE_STANDARD = "gnu++0x";
				CLANG_CXX_LIBRARY = "libc++";
				CLANG_ENABLE_MODULES = YES;
				CLANG_ENABLE_OBJC_ARC = YES;
				CLANG_WARN_BOOL_CONVERSION = YES;
				CLANG_WARN_CONSTANT_CONVERSION = YES;
				CLANG_WARN_DIRECT_OBJC_ISA_USAGE = YES_ERROR;
				CLANG_WARN_EMPTY_BODY = YES;
				CLANG_WARN_ENUM_CONVERSION = YES;
				CLANG_WARN_INT_CONVERSION = YES;
				CLANG_WARN_OBJC_ROOT_CLASS = YES_ERROR;
				CLANG_WARN_UNREACHABLE_CODE = YES;
				CLANG_WARN__DUPLICATE_METHOD_MATCH = YES;
				CODE_SIGN_IDENTITY = "-";
				COPY_PHASE_STRIP = NO;
				DEBUG_INFORMATION_FORMAT = "dwarf-with-dsym";
				ENABLE_NS_ASSERTIONS = NO;
				ENABLE_STRICT_OBJC_MSGSEND = YES;
				GCC_C_LANGUAGE_STANDARD = gnu99;
				GCC_WARN_64_TO_32_BIT_CONVERSION = YES;
				GCC_WARN_ABOUT_RETURN_TYPE = YES_ERROR;
				GCC_WARN_UNDECLARED_SELECTOR = YES;
				GCC_WARN_UNINITIALIZED_AUTOS = YES_AGGRESSIVE;
				GCC_WARN_UNUSED_FUNCTION = YES;
				GCC_WARN_UNUSED_VARIABLE = YES;
				MACOSX_DEPLOYMENT_TARGET = 10.10;
				MTL_ENABLE_DEBUG_INFO = NO;
				SDKROOT = macosx;
			};
			name = Release;
		};
		2EC524AA1ADD928D00B4954B /* Debug */ = {
			isa = XCBuildConfiguration;
			buildSettings = {
				ASSETCATALOG_COMPILER_APPICON_NAME = AppIcon;
				COMBINE_HIDPI_IMAGES = YES;
				INFOPLIST_FILE = GUItestObjC/Info.plist;
				LD_RUNPATH_SEARCH_PATHS = "$(inherited) @executable_path/../Frameworks";
				MACOSX_DEPLOYMENT_TARGET = 10.10;
				PRODUCT_NAME = "$(TARGET_NAME)";
			};
			name = Debug;
		};
		2EC524AB1ADD928D00B4954B /* Release */ = {
			isa = XCBuildConfiguration;
			buildSettings = {
				ASSETCATALOG_COMPILER_APPICON_NAME = AppIcon;
				COMBINE_HIDPI_IMAGES = YES;
				INFOPLIST_FILE = GUItestObjC/Info.plist;
				LD_RUNPATH_SEARCH_PATHS = "$(inherited) @executable_path/../Frameworks";
				MACOSX_DEPLOYMENT_TARGET = 10.10;
				PRODUCT_NAME = "$(TARGET_NAME)";
			};
			name = Release;
		};
		2EC524AD1ADD928D00B4954B /* Debug */ = {
			isa = XCBuildConfiguration;
			buildSettings = {
				BUNDLE_LOADER = "$(TEST_HOST)";
				COMBINE_HIDPI_IMAGES = YES;
				FRAMEWORK_SEARCH_PATHS = (
					"$(DEVELOPER_FRAMEWORKS_DIR)",
					"$(inherited)",
				);
				GCC_PREPROCESSOR_DEFINITIONS = (
					"DEBUG=1",
					"$(inherited)",
				);
				INFOPLIST_FILE = GUItestObjCTests/Info.plist;
				LD_RUNPATH_SEARCH_PATHS = "$(inherited) @executable_path/../Frameworks @loader_path/../Frameworks";
				PRODUCT_NAME = "$(TARGET_NAME)";
				TEST_HOST = "$(BUILT_PRODUCTS_DIR)/GUItestObjC.app/Contents/MacOS/GUItestObjC";
			};
			name = Debug;
		};
		2EC524AE1ADD928D00B4954B /* Release */ = {
			isa = XCBuildConfiguration;
			buildSettings = {
				BUNDLE_LOADER = "$(TEST_HOST)";
				COMBINE_HIDPI_IMAGES = YES;
				FRAMEWORK_SEARCH_PATHS = (
					"$(DEVELOPER_FRAMEWORKS_DIR)",
					"$(inherited)",
				);
				INFOPLIST_FILE = GUItestObjCTests/Info.plist;
				LD_RUNPATH_SEARCH_PATHS = "$(inherited) @executable_path/../Frameworks @loader_path/../Frameworks";
				PRODUCT_NAME = "$(TARGET_NAME)";
				TEST_HOST = "$(BUILT_PRODUCTS_DIR)/GUItestObjC.app/Contents/MacOS/GUItestObjC";
			};
			name = Release;
		};
/* End XCBuildConfiguration section */

/* Begin XCConfigurationList section */
		2EC524841ADD928D00B4954B /* Build configuration list for PBXProject "GUItestObjC" */ = {
			isa = XCConfigurationList;
			buildConfigurations = (
				2EC524A71ADD928D00B4954B /* Debug */,
				2EC524A81ADD928D00B4954B /* Release */,
			);
			defaultConfigurationIsVisible = 0;
			defaultConfigurationName = Release;
		};
		2EC524A91ADD928D00B4954B /* Build configuration list for PBXNativeTarget "GUItestObjC" */ = {
			isa = XCConfigurationList;
			buildConfigurations = (
				2EC524AA1ADD928D00B4954B /* Debug */,
				2EC524AB1ADD928D00B4954B /* Release */,
			);
			defaultConfigurationIsVisible = 0;
			defaultConfigurationName = Release;
		};
		2EC524AC1ADD928D00B4954B /* Build configuration list for PBXNativeTarget "GUItestObjCTests" */ = {
			isa = XCConfigurationList;
			buildConfigurations = (
				2EC524AD1ADD928D00B4954B /* Debug */,
				2EC524AE1ADD928D00B4954B /* Release */,
			);
			defaultConfigurationIsVisible = 0;
			defaultConfigurationName = Release;
		};
/* End XCConfigurationList section */
	};
	rootObject = 2EC524811ADD928D00B4954B /* Project object */;
}
